
Microsoft Visual Studio Solution File, Format Version 12.00
# Visual Studio 15
VisualStudioVersion = 15.0.26730.12
MinimumVisualStudioVersion = 10.0.40219.1
Project("{9A19103F-16F7-4668-BE54-9A1E7A4F7556}") = "Microsoft.Exchange.WebServices.NETStandard", "Microsoft.Exchange.WebServices.NETStandard\Microsoft.Exchange.WebServices.NETStandard.csproj", "{7F03D740-54B5-446B-8B96-4DF06522D06B}"
EndProject
Project("{9A19103F-16F7-4668-BE54-9A1E7A4F7556}") = "BouncyCastle", "BouncyCastle\BouncyCastle.csproj", "{236EE108-F06E-440E-A739-9F2C3D899761}"
EndProject
Project("{9A19103F-16F7-4668-BE54-9A1E7A4F7556}") = "ARSoft.Tools.Net", "ARSoft.Tools.Net\ARSoft.Tools.Net.csproj", "{7DED1D29-830F-4913-8351-3F83D28B5404}"
EndProject
Project("{FAE04EC0-301F-11D3-BF4B-00C04F79EFBC}") = "CrapDAP", "CrapDAP\CrapDAP.csproj", "{87FD2610-8F31-4FC5-9D45-C31A30971B6F}"
EndProject
Project("{9A19103F-16F7-4668-BE54-9A1E7A4F7556}") = "Novell.Directory.Ldap", "Novell.Directory.Ldap\Novell.Directory.Ldap.csproj", "{D69774F8-4452-4A38-9532-F0F0932CAB55}"
EndProject
Project("{9A19103F-16F7-4668-BE54-9A1E7A4F7556}") = "Novell.Samples", "Novell.Samples\Novell.Samples.csproj", "{0DDFFC65-93A2-42DB-802F-AF907A207DCD}"
EndProject
Project("{9A19103F-16F7-4668-BE54-9A1E7A4F7556}") = "Microsoft.Exchange.WebServices.Data", "Microsoft.Exchange.WebServices.Data\Microsoft.Exchange.WebServices.Data.csproj", "{54C8CB80-7487-4E2B-9EFE-DE2D4F7B3C79}"
EndProject
Project("{FAE04EC0-301F-11D3-BF4B-00C04F79EFBC}") = "ldap_service", "ldap_service\ldap_service.csproj", "{4B8EA6FE-EC28-4C0C-8F50-47B899318A23}"
EndProject
Project("{FAE04EC0-301F-11D3-BF4B-00C04F79EFBC}") = "libldapsync", "libldapsync\libldapsync.csproj", "{82779AC7-16BF-48CE-B152-3A0829585EAC}"
EndProject
Global
	GlobalSection(SolutionConfigurationPlatforms) = preSolution
		Debug|Any CPU = Debug|Any CPU
		Release|Any CPU = Release|Any CPU
	EndGlobalSection
	GlobalSection(ProjectConfigurationPlatforms) = postSolution
		{7F03D740-54B5-446B-8B96-4DF06522D06B}.Debug|Any CPU.ActiveCfg = Debug|Any CPU
		{7F03D740-54B5-446B-8B96-4DF06522D06B}.Debug|Any CPU.Build.0 = Debug|Any CPU
		{7F03D740-54B5-446B-8B96-4DF06522D06B}.Release|Any CPU.ActiveCfg = Release|Any CPU
		{7F03D740-54B5-446B-8B96-4DF06522D06B}.Release|Any CPU.Build.0 = Release|Any CPU
		{236EE108-F06E-440E-A739-9F2C3D899761}.Debug|Any CPU.ActiveCfg = Debug|Any CPU
		{236EE108-F06E-440E-A739-9F2C3D899761}.Debug|Any CPU.Build.0 = Debug|Any CPU
		{236EE108-F06E-440E-A739-9F2C3D899761}.Release|Any CPU.ActiveCfg = Release|Any CPU
		{236EE108-F06E-440E-A739-9F2C3D899761}.Release|Any CPU.Build.0 = Release|Any CPU
		{7DED1D29-830F-4913-8351-3F83D28B5404}.Debug|Any CPU.ActiveCfg = Debug|Any CPU
		{7DED1D29-830F-4913-8351-3F83D28B5404}.Debug|Any CPU.Build.0 = Debug|Any CPU
		{7DED1D29-830F-4913-8351-3F83D28B5404}.Release|Any CPU.ActiveCfg = Release|Any CPU
		{7DED1D29-830F-4913-8351-3F83D28B5404}.Release|Any CPU.Build.0 = Release|Any CPU
		{87FD2610-8F31-4FC5-9D45-C31A30971B6F}.Debug|Any CPU.ActiveCfg = Debug|Any CPU
		{87FD2610-8F31-4FC5-9D45-C31A30971B6F}.Debug|Any CPU.Build.0 = Debug|Any CPU
		{87FD2610-8F31-4FC5-9D45-C31A30971B6F}.Release|Any CPU.ActiveCfg = Release|Any CPU
		{87FD2610-8F31-4FC5-9D45-C31A30971B6F}.Release|Any CPU.Build.0 = Release|Any CPU
		{D69774F8-4452-4A38-9532-F0F0932CAB55}.Debug|Any CPU.ActiveCfg = Debug|Any CPU
		{D69774F8-4452-4A38-9532-F0F0932CAB55}.Debug|Any CPU.Build.0 = Debug|Any CPU
		{D69774F8-4452-4A38-9532-F0F0932CAB55}.Release|Any CPU.ActiveCfg = Release|Any CPU
		{D69774F8-4452-4A38-9532-F0F0932CAB55}.Release|Any CPU.Build.0 = Release|Any CPU
		{0DDFFC65-93A2-42DB-802F-AF907A207DCD}.Debug|Any CPU.ActiveCfg = Debug|Any CPU
		{0DDFFC65-93A2-42DB-802F-AF907A207DCD}.Debug|Any CPU.Build.0 = Debug|Any CPU
		{0DDFFC65-93A2-42DB-802F-AF907A207DCD}.Release|Any CPU.ActiveCfg = Release|Any CPU
		{0DDFFC65-93A2-42DB-802F-AF907A207DCD}.Release|Any CPU.Build.0 = Release|Any CPU
		{54C8CB80-7487-4E2B-9EFE-DE2D4F7B3C79}.Debug|Any CPU.ActiveCfg = Debug|Any CPU
		{54C8CB80-7487-4E2B-9EFE-DE2D4F7B3C79}.Debug|Any CPU.Build.0 = Debug|Any CPU
		{54C8CB80-7487-4E2B-9EFE-DE2D4F7B3C79}.Release|Any CPU.ActiveCfg = Release|Any CPU
		{54C8CB80-7487-4E2B-9EFE-DE2D4F7B3C79}.Release|Any CPU.Build.0 = Release|Any CPU
		{4B8EA6FE-EC28-4C0C-8F50-47B899318A23}.Debug|Any CPU.ActiveCfg = Debug|Any CPU
		{4B8EA6FE-EC28-4C0C-8F50-47B899318A23}.Debug|Any CPU.Build.0 = Debug|Any CPU
		{4B8EA6FE-EC28-4C0C-8F50-47B899318A23}.Release|Any CPU.ActiveCfg = Release|Any CPU
		{4B8EA6FE-EC28-4C0C-8F50-47B899318A23}.Release|Any CPU.Build.0 = Release|Any CPU
		{82779AC7-16BF-48CE-B152-3A0829585EAC}.Debug|Any CPU.ActiveCfg = Debug|Any CPU
		{82779AC7-16BF-48CE-B152-3A0829585EAC}.Debug|Any CPU.Build.0 = Debug|Any CPU
		{82779AC7-16BF-48CE-B152-3A0829585EAC}.Release|Any CPU.ActiveCfg = Release|Any CPU
		{82779AC7-16BF-48CE-B152-3A0829585EAC}.Release|Any CPU.Build.0 = Release|Any CPU
	EndGlobalSection
	GlobalSection(SolutionProperties) = preSolution
		HideSolutionNode = FALSE
	EndGlobalSection
	GlobalSection(ExtensibilityGlobals) = postSolution
		SolutionGuid = {B2D64F24-AE66-439B-A810-ACB70C07ADE4}
	EndGlobalSection
EndGlobal
